
Microsoft Visual Studio Solution File, Format Version 12.00
# Visual Studio Version 16
VisualStudioVersion = 16.0.29519.181
MinimumVisualStudioVersion = 10.0.40219.1
Project("{FAE04EC0-301F-11D3-BF4B-00C04F79EFBC}") = "HW04.Task2", "HW04.Task2\HW04.Task2.csproj", "{1AB75FC0-3BD1-4518-A735-6BD764D13C9B}"
EndProject
Global
	GlobalSection(SolutionConfigurationPlatforms) = preSolution
		Debug|Any CPU = Debug|Any CPU
		Release|Any CPU = Release|Any CPU
	EndGlobalSection
	GlobalSection(ProjectConfigurationPlatforms) = postSolution
		{1AB75FC0-3BD1-4518-A735-6BD764D13C9B}.Debug|Any CPU.ActiveCfg = Debug|Any CPU
		{1AB75FC0-3BD1-4518-A735-6BD764D13C9B}.Debug|Any CPU.Build.0 = Debug|Any CPU
		{1AB75FC0-3BD1-4518-A735-6BD764D13C9B}.Release|Any CPU.ActiveCfg = Release|Any CPU
		{1AB75FC0-3BD1-4518-A735-6BD764D13C9B}.Release|Any CPU.Build.0 = Release|Any CPU
	EndGlobalSection
	GlobalSection(SolutionProperties) = preSolution
		HideSolutionNode = FALSE
	EndGlobalSection
	GlobalSection(ExtensibilityGlobals) = postSolution
		SolutionGuid = {B2974889-4E2B-448A-AC3D-8A80AE4B7D4C}
	EndGlobalSection
EndGlobal
