
Microsoft Visual Studio Solution File, Format Version 12.00
# Visual Studio Version 16
VisualStudioVersion = 16.0.29519.181
MinimumVisualStudioVersion = 10.0.40219.1
Project("{FAE04EC0-301F-11D3-BF4B-00C04F79EFBC}") = "HW07.Task2", "HW07.Task2\HW07.Task2.csproj", "{F619919E-008A-45E6-85BC-0E299988476A}"
EndProject
Global
	GlobalSection(SolutionConfigurationPlatforms) = preSolution
		Debug|Any CPU = Debug|Any CPU
		Release|Any CPU = Release|Any CPU
	EndGlobalSection
	GlobalSection(ProjectConfigurationPlatforms) = postSolution
		{F619919E-008A-45E6-85BC-0E299988476A}.Debug|Any CPU.ActiveCfg = Debug|Any CPU
		{F619919E-008A-45E6-85BC-0E299988476A}.Debug|Any CPU.Build.0 = Debug|Any CPU
		{F619919E-008A-45E6-85BC-0E299988476A}.Release|Any CPU.ActiveCfg = Release|Any CPU
		{F619919E-008A-45E6-85BC-0E299988476A}.Release|Any CPU.Build.0 = Release|Any CPU
	EndGlobalSection
	GlobalSection(SolutionProperties) = preSolution
		HideSolutionNode = FALSE
	EndGlobalSection
	GlobalSection(ExtensibilityGlobals) = postSolution
		SolutionGuid = {4F9B0001-E6FD-436A-A17D-23BB5BD15FC4}
	EndGlobalSection
EndGlobal
