
Microsoft Visual Studio Solution File, Format Version 12.00
# Visual Studio Version 16
VisualStudioVersion = 16.0.29519.181
MinimumVisualStudioVersion = 10.0.40219.1
Project("{FAE04EC0-301F-11D3-BF4B-00C04F79EFBC}") = "HW09_Task1", "HW09_Task1\HW09_Task1.csproj", "{4F963913-B9D4-4687-A682-B3370B1F352F}"
EndProject
Global
	GlobalSection(SolutionConfigurationPlatforms) = preSolution
		Debug|Any CPU = Debug|Any CPU
		Release|Any CPU = Release|Any CPU
	EndGlobalSection
	GlobalSection(ProjectConfigurationPlatforms) = postSolution
		{4F963913-B9D4-4687-A682-B3370B1F352F}.Debug|Any CPU.ActiveCfg = Debug|Any CPU
		{4F963913-B9D4-4687-A682-B3370B1F352F}.Debug|Any CPU.Build.0 = Debug|Any CPU
		{4F963913-B9D4-4687-A682-B3370B1F352F}.Release|Any CPU.ActiveCfg = Release|Any CPU
		{4F963913-B9D4-4687-A682-B3370B1F352F}.Release|Any CPU.Build.0 = Release|Any CPU
	EndGlobalSection
	GlobalSection(SolutionProperties) = preSolution
		HideSolutionNode = FALSE
	EndGlobalSection
	GlobalSection(ExtensibilityGlobals) = postSolution
		SolutionGuid = {6422F6F3-F53E-4EA0-95D5-2EDDEECEC441}
	EndGlobalSection
EndGlobal
